
Microsoft Visual Studio Solution File, Format Version 12.00
# Visual Studio 15
VisualStudioVersion = 15.0.27130.2003
MinimumVisualStudioVersion = 10.0.40219.1
Project("{9A19103F-16F7-4668-BE54-9A1E7A4F7556}") = "TrueColorConsole", "TrueColorConsole\TrueColorConsole.csproj", "{686E75C7-3177-4AD8-BFFD-EF4F0722E4ED}"
EndProject
Project("{9A19103F-16F7-4668-BE54-9A1E7A4F7556}") = "TrueColorConsoleApp", "TrueColorConsoleApp\TrueColorConsoleApp.csproj", "{6035F1D9-AA28-46F6-A125-72FD09F1CE0C}"
EndProject
Project("{FAE04EC0-301F-11D3-BF4B-00C04F79EFBC}") = "ConsoleApp1", "ConsoleApp1\ConsoleApp1.csproj", "{50C2E2B6-85C2-4C33-A0B0-10735A29689A}"
EndProject
Project("{FAE04EC0-301F-11D3-BF4B-00C04F79EFBC}") = "ClassLibrary1", "ClassLibrary1\ClassLibrary1.csproj", "{FFEDCE51-29E8-46A9-996A-E2947B477A28}"
EndProject
Project("{FAE04EC0-301F-11D3-BF4B-00C04F79EFBC}") = "WpfApp1", "WpfApp1\WpfApp1.csproj", "{5EDC4879-1E4B-4F24-990A-D915E95D8707}"
EndProject
Global
	GlobalSection(SolutionConfigurationPlatforms) = preSolution
		Debug|Any CPU = Debug|Any CPU
		Release|Any CPU = Release|Any CPU
	EndGlobalSection
	GlobalSection(ProjectConfigurationPlatforms) = postSolution
		{686E75C7-3177-4AD8-BFFD-EF4F0722E4ED}.Debug|Any CPU.ActiveCfg = Debug|Any CPU
		{686E75C7-3177-4AD8-BFFD-EF4F0722E4ED}.Debug|Any CPU.Build.0 = Debug|Any CPU
		{686E75C7-3177-4AD8-BFFD-EF4F0722E4ED}.Release|Any CPU.ActiveCfg = Release|Any CPU
		{686E75C7-3177-4AD8-BFFD-EF4F0722E4ED}.Release|Any CPU.Build.0 = Release|Any CPU
		{6035F1D9-AA28-46F6-A125-72FD09F1CE0C}.Debug|Any CPU.ActiveCfg = Debug|Any CPU
		{6035F1D9-AA28-46F6-A125-72FD09F1CE0C}.Debug|Any CPU.Build.0 = Debug|Any CPU
		{6035F1D9-AA28-46F6-A125-72FD09F1CE0C}.Release|Any CPU.ActiveCfg = Release|Any CPU
		{6035F1D9-AA28-46F6-A125-72FD09F1CE0C}.Release|Any CPU.Build.0 = Release|Any CPU
		{50C2E2B6-85C2-4C33-A0B0-10735A29689A}.Debug|Any CPU.ActiveCfg = Debug|Any CPU
		{50C2E2B6-85C2-4C33-A0B0-10735A29689A}.Debug|Any CPU.Build.0 = Debug|Any CPU
		{50C2E2B6-85C2-4C33-A0B0-10735A29689A}.Release|Any CPU.ActiveCfg = Release|Any CPU
		{50C2E2B6-85C2-4C33-A0B0-10735A29689A}.Release|Any CPU.Build.0 = Release|Any CPU
		{FFEDCE51-29E8-46A9-996A-E2947B477A28}.Debug|Any CPU.ActiveCfg = Debug|Any CPU
		{FFEDCE51-29E8-46A9-996A-E2947B477A28}.Debug|Any CPU.Build.0 = Debug|Any CPU
		{FFEDCE51-29E8-46A9-996A-E2947B477A28}.Release|Any CPU.ActiveCfg = Release|Any CPU
		{FFEDCE51-29E8-46A9-996A-E2947B477A28}.Release|Any CPU.Build.0 = Release|Any CPU
		{5EDC4879-1E4B-4F24-990A-D915E95D8707}.Debug|Any CPU.ActiveCfg = Debug|Any CPU
		{5EDC4879-1E4B-4F24-990A-D915E95D8707}.Debug|Any CPU.Build.0 = Debug|Any CPU
		{5EDC4879-1E4B-4F24-990A-D915E95D8707}.Release|Any CPU.ActiveCfg = Release|Any CPU
		{5EDC4879-1E4B-4F24-990A-D915E95D8707}.Release|Any CPU.Build.0 = Release|Any CPU
	EndGlobalSection
	GlobalSection(SolutionProperties) = preSolution
		HideSolutionNode = FALSE
	EndGlobalSection
	GlobalSection(ExtensibilityGlobals) = postSolution
		SolutionGuid = {E34E6E93-9B3C-4BE6-8251-B8C44415E494}
	EndGlobalSection
	GlobalSection(Performance) = preSolution
		HasPerformanceSessions = true
	EndGlobalSection
EndGlobal
